
Microsoft Visual Studio Solution File, Format Version 12.00
# Visual Studio Version 18
VisualStudioVersion = 18.0.11121.172
MinimumVisualStudioVersion = 10.0.40219.1
Project("{2150E333-8FDC-42A3-9474-1A3956D46DE8}") = "Src", "Src", "{02EA681E-C7D8-13C7-8484-4AC65E1B71E8}"
EndProject
Project("{2150E333-8FDC-42A3-9474-1A3956D46DE8}") = "Examples", "Examples", "{3817ABB2-8DFC-4C5A-9103-92198F43A941}"
EndProject
Project("{FAE04EC0-301F-11D3-BF4B-00C04F79EFBC}") = "Images", "Examples\Images\Images.csproj", "{8ABB9E22-6DA3-DACD-A1A8-A873DD7C6379}"
EndProject
Project("{FAE04EC0-301F-11D3-BF4B-00C04F79EFBC}") = "TextVisulationAndFonts", "Examples\TextVisulationAndFonts\TextVisulationAndFonts.csproj", "{52445E6B-E8C7-7394-BCED-23959B9C2225}"
EndProject
Project("{FAE04EC0-301F-11D3-BF4B-00C04F79EFBC}") = "RotatingValues", "Examples\RotatingValues\RotatingValues.csproj", "{4B9FF6FC-EED1-42BC-94FA-CD802E29E905}"
EndProject
Project("{FAE04EC0-301F-11D3-BF4B-00C04F79EFBC}") = "LifeCycleOfColorMap", "Examples\LifeCycleOfColorMap\LifeCycleOfColorMap.csproj", "{E404DEE0-E11D-479B-8E34-948BC8E9C20C}"
EndProject
Project("{FAE04EC0-301F-11D3-BF4B-00C04F79EFBC}") = "FoucasChange", "Examples\FoucasChange\FoucasChange.csproj", "{1F0A9AD5-5AEB-43EC-838E-220D30872378}"
EndProject
Project("{2150E333-8FDC-42A3-9474-1A3956D46DE8}") = "Tests", "Tests", "{6E0A4E4C-7EE4-4522-9EA4-99281286ADAD}"
EndProject
Project("{FAE04EC0-301F-11D3-BF4B-00C04F79EFBC}") = "Clipping example", "Examples\Clipping example\Clipping example.csproj", "{01AA4051-83D9-9A81-B318-5F4C92BCFFF2}"
EndProject
Project("{FAE04EC0-301F-11D3-BF4B-00C04F79EFBC}") = "Grabbing", "Examples\grabbing\Grabbing.csproj", "{6A23580C-87D3-AA77-2689-DAA68A3F9D9C}"
EndProject
Project("{FAE04EC0-301F-11D3-BF4B-00C04F79EFBC}") = "Lazy audit", "Examples\Lazy audit\Lazy audit.csproj", "{3F9E2413-FF3C-4363-AE37-2A0E7C59C0F8}"
EndProject
Project("{FAE04EC0-301F-11D3-BF4B-00C04F79EFBC}") = "Selection", "Examples\Selection\Selection.csproj", "{EFFF1453-7196-4E02-BAFC-6A2C5C6FD521}"
EndProject
Project("{FAE04EC0-301F-11D3-BF4B-00C04F79EFBC}") = "Transparent", "Examples\Transparent\Transparent.csproj", "{DBAE4D4E-13E8-40F6-AFAD-FF2E94548534}"
EndProject
Project("{FAE04EC0-301F-11D3-BF4B-00C04F79EFBC}") = "SmokeRunOnResponseProto", "Examples\SmokeRunOnResponseProto\SmokeRunOnResponseProto.csproj", "{93131303-B5FB-4E6A-B439-A1D6458D205D}"
EndProject
Project("{FAE04EC0-301F-11D3-BF4B-00C04F79EFBC}") = "MethodRequestBuilder", "Test\MethodRequestBuilder\MethodRequestBuilder.csproj", "{7D6FDC92-9D3B-4535-A4FF-1FF849DD13D2}"
EndProject
Project("{2150E333-8FDC-42A3-9474-1A3956D46DE8}") = "Solution Items", "Solution Items", "{EBB83547-D313-45B6-98FB-D926BAE5FD5C}"
	ProjectSection(SolutionItems) = preProject
		Test.env.Dockerfile = Test.env.Dockerfile
	EndProjectSection
EndProject
Project("{FAE04EC0-301F-11D3-BF4B-00C04F79EFBC}") = "Xcsb", "Src\Xcsb\Xcsb.csproj", "{4C5054CC-FAAC-ABFC-5B1C-FA2EB23EFE0F}"
EndProject
Project("{FAE04EC0-301F-11D3-BF4B-00C04F79EFBC}") = "Xcsb.Generators", "Src\Xcsb.Generators\Xcsb.Generators.csproj", "{77DA8A00-B8BA-4C87-9E02-A7EF43758FD0}"
EndProject
Project("{FAE04EC0-301F-11D3-BF4B-00C04F79EFBC}") = "Xcsb.Generators.Attributes", "Src\Xcsb.Generators.Attributes\Xcsb.Generators.Attributes.csproj", "{B17F1A8B-610B-45AA-9B28-91908F3BD100}"
EndProject
Project("{FAE04EC0-301F-11D3-BF4B-00C04F79EFBC}") = "Generator", "Examples\Generator\Generator.csproj", "{671FDCAB-A511-499C-98A5-B3BBD61B3C07}"
EndProject
Project("{FAE04EC0-301F-11D3-BF4B-00C04F79EFBC}") = "Xcsb.Base", "Src\Xcsb.Base\Xcsb.Base.csproj", "{0EDEFF9A-5741-4D91-BE80-124501E4E544}"
EndProject
Global
	GlobalSection(SolutionConfigurationPlatforms) = preSolution
		Debug|Any CPU = Debug|Any CPU
		Debug|x64 = Debug|x64
		Debug|x86 = Debug|x86
		Release|Any CPU = Release|Any CPU
		Release|x64 = Release|x64
		Release|x86 = Release|x86
	EndGlobalSection
	GlobalSection(ProjectConfigurationPlatforms) = postSolution
		{8ABB9E22-6DA3-DACD-A1A8-A873DD7C6379}.Debug|Any CPU.ActiveCfg = Debug|Any CPU
		{8ABB9E22-6DA3-DACD-A1A8-A873DD7C6379}.Debug|Any CPU.Build.0 = Debug|Any CPU
		{8ABB9E22-6DA3-DACD-A1A8-A873DD7C6379}.Debug|x64.ActiveCfg = Debug|Any CPU
		{8ABB9E22-6DA3-DACD-A1A8-A873DD7C6379}.Debug|x64.Build.0 = Debug|Any CPU
		{8ABB9E22-6DA3-DACD-A1A8-A873DD7C6379}.Debug|x86.ActiveCfg = Debug|Any CPU
		{8ABB9E22-6DA3-DACD-A1A8-A873DD7C6379}.Debug|x86.Build.0 = Debug|Any CPU
		{8ABB9E22-6DA3-DACD-A1A8-A873DD7C6379}.Release|Any CPU.ActiveCfg = Release|Any CPU
		{8ABB9E22-6DA3-DACD-A1A8-A873DD7C6379}.Release|Any CPU.Build.0 = Release|Any CPU
		{8ABB9E22-6DA3-DACD-A1A8-A873DD7C6379}.Release|x64.ActiveCfg = Release|Any CPU
		{8ABB9E22-6DA3-DACD-A1A8-A873DD7C6379}.Release|x64.Build.0 = Release|Any CPU
		{8ABB9E22-6DA3-DACD-A1A8-A873DD7C6379}.Release|x86.ActiveCfg = Release|Any CPU
		{8ABB9E22-6DA3-DACD-A1A8-A873DD7C6379}.Release|x86.Build.0 = Release|Any CPU
		{52445E6B-E8C7-7394-BCED-23959B9C2225}.Debug|Any CPU.ActiveCfg = Debug|Any CPU
		{52445E6B-E8C7-7394-BCED-23959B9C2225}.Debug|Any CPU.Build.0 = Debug|Any CPU
		{52445E6B-E8C7-7394-BCED-23959B9C2225}.Debug|x64.ActiveCfg = Debug|Any CPU
		{52445E6B-E8C7-7394-BCED-23959B9C2225}.Debug|x64.Build.0 = Debug|Any CPU
		{52445E6B-E8C7-7394-BCED-23959B9C2225}.Debug|x86.ActiveCfg = Debug|Any CPU
		{52445E6B-E8C7-7394-BCED-23959B9C2225}.Debug|x86.Build.0 = Debug|Any CPU
		{52445E6B-E8C7-7394-BCED-23959B9C2225}.Release|Any CPU.ActiveCfg = Release|Any CPU
		{52445E6B-E8C7-7394-BCED-23959B9C2225}.Release|Any CPU.Build.0 = Release|Any CPU
		{52445E6B-E8C7-7394-BCED-23959B9C2225}.Release|x64.ActiveCfg = Release|Any CPU
		{52445E6B-E8C7-7394-BCED-23959B9C2225}.Release|x64.Build.0 = Release|Any CPU
		{52445E6B-E8C7-7394-BCED-23959B9C2225}.Release|x86.ActiveCfg = Release|Any CPU
		{52445E6B-E8C7-7394-BCED-23959B9C2225}.Release|x86.Build.0 = Release|Any CPU
		{4B9FF6FC-EED1-42BC-94FA-CD802E29E905}.Debug|Any CPU.ActiveCfg = Debug|Any CPU
		{4B9FF6FC-EED1-42BC-94FA-CD802E29E905}.Debug|Any CPU.Build.0 = Debug|Any CPU
		{4B9FF6FC-EED1-42BC-94FA-CD802E29E905}.Debug|x64.ActiveCfg = Debug|Any CPU
		{4B9FF6FC-EED1-42BC-94FA-CD802E29E905}.Debug|x64.Build.0 = Debug|Any CPU
		{4B9FF6FC-EED1-42BC-94FA-CD802E29E905}.Debug|x86.ActiveCfg = Debug|Any CPU
		{4B9FF6FC-EED1-42BC-94FA-CD802E29E905}.Debug|x86.Build.0 = Debug|Any CPU
		{4B9FF6FC-EED1-42BC-94FA-CD802E29E905}.Release|Any CPU.ActiveCfg = Release|Any CPU
		{4B9FF6FC-EED1-42BC-94FA-CD802E29E905}.Release|Any CPU.Build.0 = Release|Any CPU
		{4B9FF6FC-EED1-42BC-94FA-CD802E29E905}.Release|x64.ActiveCfg = Release|Any CPU
		{4B9FF6FC-EED1-42BC-94FA-CD802E29E905}.Release|x64.Build.0 = Release|Any CPU
		{4B9FF6FC-EED1-42BC-94FA-CD802E29E905}.Release|x86.ActiveCfg = Release|Any CPU
		{4B9FF6FC-EED1-42BC-94FA-CD802E29E905}.Release|x86.Build.0 = Release|Any CPU
		{E404DEE0-E11D-479B-8E34-948BC8E9C20C}.Debug|Any CPU.ActiveCfg = Debug|Any CPU
		{E404DEE0-E11D-479B-8E34-948BC8E9C20C}.Debug|Any CPU.Build.0 = Debug|Any CPU
		{E404DEE0-E11D-479B-8E34-948BC8E9C20C}.Debug|x64.ActiveCfg = Debug|Any CPU
		{E404DEE0-E11D-479B-8E34-948BC8E9C20C}.Debug|x64.Build.0 = Debug|Any CPU
		{E404DEE0-E11D-479B-8E34-948BC8E9C20C}.Debug|x86.ActiveCfg = Debug|Any CPU
		{E404DEE0-E11D-479B-8E34-948BC8E9C20C}.Debug|x86.Build.0 = Debug|Any CPU
		{E404DEE0-E11D-479B-8E34-948BC8E9C20C}.Release|Any CPU.ActiveCfg = Release|Any CPU
		{E404DEE0-E11D-479B-8E34-948BC8E9C20C}.Release|Any CPU.Build.0 = Release|Any CPU
		{E404DEE0-E11D-479B-8E34-948BC8E9C20C}.Release|x64.ActiveCfg = Release|Any CPU
		{E404DEE0-E11D-479B-8E34-948BC8E9C20C}.Release|x64.Build.0 = Release|Any CPU
		{E404DEE0-E11D-479B-8E34-948BC8E9C20C}.Release|x86.ActiveCfg = Release|Any CPU
		{E404DEE0-E11D-479B-8E34-948BC8E9C20C}.Release|x86.Build.0 = Release|Any CPU
		{1F0A9AD5-5AEB-43EC-838E-220D30872378}.Debug|Any CPU.ActiveCfg = Debug|Any CPU
		{1F0A9AD5-5AEB-43EC-838E-220D30872378}.Debug|Any CPU.Build.0 = Debug|Any CPU
		{1F0A9AD5-5AEB-43EC-838E-220D30872378}.Debug|x64.ActiveCfg = Debug|Any CPU
		{1F0A9AD5-5AEB-43EC-838E-220D30872378}.Debug|x64.Build.0 = Debug|Any CPU
		{1F0A9AD5-5AEB-43EC-838E-220D30872378}.Debug|x86.ActiveCfg = Debug|Any CPU
		{1F0A9AD5-5AEB-43EC-838E-220D30872378}.Debug|x86.Build.0 = Debug|Any CPU
		{1F0A9AD5-5AEB-43EC-838E-220D30872378}.Release|Any CPU.ActiveCfg = Release|Any CPU
		{1F0A9AD5-5AEB-43EC-838E-220D30872378}.Release|Any CPU.Build.0 = Release|Any CPU
		{1F0A9AD5-5AEB-43EC-838E-220D30872378}.Release|x64.ActiveCfg = Release|Any CPU
		{1F0A9AD5-5AEB-43EC-838E-220D30872378}.Release|x64.Build.0 = Release|Any CPU
		{1F0A9AD5-5AEB-43EC-838E-220D30872378}.Release|x86.ActiveCfg = Release|Any CPU
		{1F0A9AD5-5AEB-43EC-838E-220D30872378}.Release|x86.Build.0 = Release|Any CPU
		{01AA4051-83D9-9A81-B318-5F4C92BCFFF2}.Debug|Any CPU.ActiveCfg = Debug|Any CPU
		{01AA4051-83D9-9A81-B318-5F4C92BCFFF2}.Debug|Any CPU.Build.0 = Debug|Any CPU
		{01AA4051-83D9-9A81-B318-5F4C92BCFFF2}.Debug|x64.ActiveCfg = Debug|Any CPU
		{01AA4051-83D9-9A81-B318-5F4C92BCFFF2}.Debug|x64.Build.0 = Debug|Any CPU
		{01AA4051-83D9-9A81-B318-5F4C92BCFFF2}.Debug|x86.ActiveCfg = Debug|Any CPU
		{01AA4051-83D9-9A81-B318-5F4C92BCFFF2}.Debug|x86.Build.0 = Debug|Any CPU
		{01AA4051-83D9-9A81-B318-5F4C92BCFFF2}.Release|Any CPU.ActiveCfg = Release|Any CPU
		{01AA4051-83D9-9A81-B318-5F4C92BCFFF2}.Release|Any CPU.Build.0 = Release|Any CPU
		{01AA4051-83D9-9A81-B318-5F4C92BCFFF2}.Release|x64.ActiveCfg = Release|Any CPU
		{01AA4051-83D9-9A81-B318-5F4C92BCFFF2}.Release|x64.Build.0 = Release|Any CPU
		{01AA4051-83D9-9A81-B318-5F4C92BCFFF2}.Release|x86.ActiveCfg = Release|Any CPU
		{01AA4051-83D9-9A81-B318-5F4C92BCFFF2}.Release|x86.Build.0 = Release|Any CPU
		{6A23580C-87D3-AA77-2689-DAA68A3F9D9C}.Debug|Any CPU.ActiveCfg = Debug|Any CPU
		{6A23580C-87D3-AA77-2689-DAA68A3F9D9C}.Debug|Any CPU.Build.0 = Debug|Any CPU
		{6A23580C-87D3-AA77-2689-DAA68A3F9D9C}.Debug|x64.ActiveCfg = Debug|Any CPU
		{6A23580C-87D3-AA77-2689-DAA68A3F9D9C}.Debug|x64.Build.0 = Debug|Any CPU
		{6A23580C-87D3-AA77-2689-DAA68A3F9D9C}.Debug|x86.ActiveCfg = Debug|Any CPU
		{6A23580C-87D3-AA77-2689-DAA68A3F9D9C}.Debug|x86.Build.0 = Debug|Any CPU
		{6A23580C-87D3-AA77-2689-DAA68A3F9D9C}.Release|Any CPU.ActiveCfg = Release|Any CPU
		{6A23580C-87D3-AA77-2689-DAA68A3F9D9C}.Release|Any CPU.Build.0 = Release|Any CPU
		{6A23580C-87D3-AA77-2689-DAA68A3F9D9C}.Release|x64.ActiveCfg = Release|Any CPU
		{6A23580C-87D3-AA77-2689-DAA68A3F9D9C}.Release|x64.Build.0 = Release|Any CPU
		{6A23580C-87D3-AA77-2689-DAA68A3F9D9C}.Release|x86.ActiveCfg = Release|Any CPU
		{6A23580C-87D3-AA77-2689-DAA68A3F9D9C}.Release|x86.Build.0 = Release|Any CPU
		{3F9E2413-FF3C-4363-AE37-2A0E7C59C0F8}.Debug|Any CPU.ActiveCfg = Debug|Any CPU
		{3F9E2413-FF3C-4363-AE37-2A0E7C59C0F8}.Debug|Any CPU.Build.0 = Debug|Any CPU
		{3F9E2413-FF3C-4363-AE37-2A0E7C59C0F8}.Debug|x64.ActiveCfg = Debug|Any CPU
		{3F9E2413-FF3C-4363-AE37-2A0E7C59C0F8}.Debug|x64.Build.0 = Debug|Any CPU
		{3F9E2413-FF3C-4363-AE37-2A0E7C59C0F8}.Debug|x86.ActiveCfg = Debug|Any CPU
		{3F9E2413-FF3C-4363-AE37-2A0E7C59C0F8}.Debug|x86.Build.0 = Debug|Any CPU
		{3F9E2413-FF3C-4363-AE37-2A0E7C59C0F8}.Release|Any CPU.ActiveCfg = Release|Any CPU
		{3F9E2413-FF3C-4363-AE37-2A0E7C59C0F8}.Release|Any CPU.Build.0 = Release|Any CPU
		{3F9E2413-FF3C-4363-AE37-2A0E7C59C0F8}.Release|x64.ActiveCfg = Release|Any CPU
		{3F9E2413-FF3C-4363-AE37-2A0E7C59C0F8}.Release|x64.Build.0 = Release|Any CPU
		{3F9E2413-FF3C-4363-AE37-2A0E7C59C0F8}.Release|x86.ActiveCfg = Release|Any CPU
		{3F9E2413-FF3C-4363-AE37-2A0E7C59C0F8}.Release|x86.Build.0 = Release|Any CPU
		{EFFF1453-7196-4E02-BAFC-6A2C5C6FD521}.Debug|Any CPU.ActiveCfg = Debug|Any CPU
		{EFFF1453-7196-4E02-BAFC-6A2C5C6FD521}.Debug|Any CPU.Build.0 = Debug|Any CPU
		{EFFF1453-7196-4E02-BAFC-6A2C5C6FD521}.Debug|x64.ActiveCfg = Debug|Any CPU
		{EFFF1453-7196-4E02-BAFC-6A2C5C6FD521}.Debug|x64.Build.0 = Debug|Any CPU
		{EFFF1453-7196-4E02-BAFC-6A2C5C6FD521}.Debug|x86.ActiveCfg = Debug|Any CPU
		{EFFF1453-7196-4E02-BAFC-6A2C5C6FD521}.Debug|x86.Build.0 = Debug|Any CPU
		{EFFF1453-7196-4E02-BAFC-6A2C5C6FD521}.Release|Any CPU.ActiveCfg = Release|Any CPU
		{EFFF1453-7196-4E02-BAFC-6A2C5C6FD521}.Release|Any CPU.Build.0 = Release|Any CPU
		{EFFF1453-7196-4E02-BAFC-6A2C5C6FD521}.Release|x64.ActiveCfg = Release|Any CPU
		{EFFF1453-7196-4E02-BAFC-6A2C5C6FD521}.Release|x64.Build.0 = Release|Any CPU
		{EFFF1453-7196-4E02-BAFC-6A2C5C6FD521}.Release|x86.ActiveCfg = Release|Any CPU
		{EFFF1453-7196-4E02-BAFC-6A2C5C6FD521}.Release|x86.Build.0 = Release|Any CPU
		{DBAE4D4E-13E8-40F6-AFAD-FF2E94548534}.Debug|Any CPU.ActiveCfg = Debug|Any CPU
		{DBAE4D4E-13E8-40F6-AFAD-FF2E94548534}.Debug|Any CPU.Build.0 = Debug|Any CPU
		{DBAE4D4E-13E8-40F6-AFAD-FF2E94548534}.Debug|x64.ActiveCfg = Debug|Any CPU
		{DBAE4D4E-13E8-40F6-AFAD-FF2E94548534}.Debug|x64.Build.0 = Debug|Any CPU
		{DBAE4D4E-13E8-40F6-AFAD-FF2E94548534}.Debug|x86.ActiveCfg = Debug|Any CPU
		{DBAE4D4E-13E8-40F6-AFAD-FF2E94548534}.Debug|x86.Build.0 = Debug|Any CPU
		{DBAE4D4E-13E8-40F6-AFAD-FF2E94548534}.Release|Any CPU.ActiveCfg = Release|Any CPU
		{DBAE4D4E-13E8-40F6-AFAD-FF2E94548534}.Release|Any CPU.Build.0 = Release|Any CPU
		{DBAE4D4E-13E8-40F6-AFAD-FF2E94548534}.Release|x64.ActiveCfg = Release|Any CPU
		{DBAE4D4E-13E8-40F6-AFAD-FF2E94548534}.Release|x64.Build.0 = Release|Any CPU
		{DBAE4D4E-13E8-40F6-AFAD-FF2E94548534}.Release|x86.ActiveCfg = Release|Any CPU
		{DBAE4D4E-13E8-40F6-AFAD-FF2E94548534}.Release|x86.Build.0 = Release|Any CPU
		{93131303-B5FB-4E6A-B439-A1D6458D205D}.Debug|Any CPU.ActiveCfg = Debug|Any CPU
		{93131303-B5FB-4E6A-B439-A1D6458D205D}.Debug|Any CPU.Build.0 = Debug|Any CPU
		{93131303-B5FB-4E6A-B439-A1D6458D205D}.Debug|x64.ActiveCfg = Debug|Any CPU
		{93131303-B5FB-4E6A-B439-A1D6458D205D}.Debug|x64.Build.0 = Debug|Any CPU
		{93131303-B5FB-4E6A-B439-A1D6458D205D}.Debug|x86.ActiveCfg = Debug|Any CPU
		{93131303-B5FB-4E6A-B439-A1D6458D205D}.Debug|x86.Build.0 = Debug|Any CPU
		{93131303-B5FB-4E6A-B439-A1D6458D205D}.Release|Any CPU.ActiveCfg = Release|Any CPU
		{93131303-B5FB-4E6A-B439-A1D6458D205D}.Release|Any CPU.Build.0 = Release|Any CPU
		{93131303-B5FB-4E6A-B439-A1D6458D205D}.Release|x64.ActiveCfg = Release|Any CPU
		{93131303-B5FB-4E6A-B439-A1D6458D205D}.Release|x64.Build.0 = Release|Any CPU
		{93131303-B5FB-4E6A-B439-A1D6458D205D}.Release|x86.ActiveCfg = Release|Any CPU
		{93131303-B5FB-4E6A-B439-A1D6458D205D}.Release|x86.Build.0 = Release|Any CPU
		{7D6FDC92-9D3B-4535-A4FF-1FF849DD13D2}.Debug|Any CPU.ActiveCfg = Debug|Any CPU
		{7D6FDC92-9D3B-4535-A4FF-1FF849DD13D2}.Debug|Any CPU.Build.0 = Debug|Any CPU
		{7D6FDC92-9D3B-4535-A4FF-1FF849DD13D2}.Debug|x64.ActiveCfg = Debug|Any CPU
		{7D6FDC92-9D3B-4535-A4FF-1FF849DD13D2}.Debug|x64.Build.0 = Debug|Any CPU
		{7D6FDC92-9D3B-4535-A4FF-1FF849DD13D2}.Debug|x86.ActiveCfg = Debug|Any CPU
		{7D6FDC92-9D3B-4535-A4FF-1FF849DD13D2}.Debug|x86.Build.0 = Debug|Any CPU
		{7D6FDC92-9D3B-4535-A4FF-1FF849DD13D2}.Release|Any CPU.ActiveCfg = Release|Any CPU
		{7D6FDC92-9D3B-4535-A4FF-1FF849DD13D2}.Release|Any CPU.Build.0 = Release|Any CPU
		{7D6FDC92-9D3B-4535-A4FF-1FF849DD13D2}.Release|x64.ActiveCfg = Release|Any CPU
		{7D6FDC92-9D3B-4535-A4FF-1FF849DD13D2}.Release|x64.Build.0 = Release|Any CPU
		{7D6FDC92-9D3B-4535-A4FF-1FF849DD13D2}.Release|x86.ActiveCfg = Release|Any CPU
		{7D6FDC92-9D3B-4535-A4FF-1FF849DD13D2}.Release|x86.Build.0 = Release|Any CPU
		{4C5054CC-FAAC-ABFC-5B1C-FA2EB23EFE0F}.Debug|Any CPU.ActiveCfg = Debug|Any CPU
		{4C5054CC-FAAC-ABFC-5B1C-FA2EB23EFE0F}.Debug|Any CPU.Build.0 = Debug|Any CPU
		{4C5054CC-FAAC-ABFC-5B1C-FA2EB23EFE0F}.Debug|x64.ActiveCfg = Debug|Any CPU
		{4C5054CC-FAAC-ABFC-5B1C-FA2EB23EFE0F}.Debug|x64.Build.0 = Debug|Any CPU
		{4C5054CC-FAAC-ABFC-5B1C-FA2EB23EFE0F}.Debug|x86.ActiveCfg = Debug|Any CPU
		{4C5054CC-FAAC-ABFC-5B1C-FA2EB23EFE0F}.Debug|x86.Build.0 = Debug|Any CPU
		{4C5054CC-FAAC-ABFC-5B1C-FA2EB23EFE0F}.Release|Any CPU.ActiveCfg = Release|Any CPU
		{4C5054CC-FAAC-ABFC-5B1C-FA2EB23EFE0F}.Release|Any CPU.Build.0 = Release|Any CPU
		{4C5054CC-FAAC-ABFC-5B1C-FA2EB23EFE0F}.Release|x64.ActiveCfg = Release|Any CPU
		{4C5054CC-FAAC-ABFC-5B1C-FA2EB23EFE0F}.Release|x64.Build.0 = Release|Any CPU
		{4C5054CC-FAAC-ABFC-5B1C-FA2EB23EFE0F}.Release|x86.ActiveCfg = Release|Any CPU
		{4C5054CC-FAAC-ABFC-5B1C-FA2EB23EFE0F}.Release|x86.Build.0 = Release|Any CPU
		{77DA8A00-B8BA-4C87-9E02-A7EF43758FD0}.Debug|Any CPU.ActiveCfg = Debug|Any CPU
		{77DA8A00-B8BA-4C87-9E02-A7EF43758FD0}.Debug|Any CPU.Build.0 = Debug|Any CPU
		{77DA8A00-B8BA-4C87-9E02-A7EF43758FD0}.Debug|x64.ActiveCfg = Debug|Any CPU
		{77DA8A00-B8BA-4C87-9E02-A7EF43758FD0}.Debug|x64.Build.0 = Debug|Any CPU
		{77DA8A00-B8BA-4C87-9E02-A7EF43758FD0}.Debug|x86.ActiveCfg = Debug|Any CPU
		{77DA8A00-B8BA-4C87-9E02-A7EF43758FD0}.Debug|x86.Build.0 = Debug|Any CPU
		{77DA8A00-B8BA-4C87-9E02-A7EF43758FD0}.Release|Any CPU.ActiveCfg = Release|Any CPU
		{77DA8A00-B8BA-4C87-9E02-A7EF43758FD0}.Release|Any CPU.Build.0 = Release|Any CPU
		{77DA8A00-B8BA-4C87-9E02-A7EF43758FD0}.Release|x64.ActiveCfg = Release|Any CPU
		{77DA8A00-B8BA-4C87-9E02-A7EF43758FD0}.Release|x64.Build.0 = Release|Any CPU
		{77DA8A00-B8BA-4C87-9E02-A7EF43758FD0}.Release|x86.ActiveCfg = Release|Any CPU
		{77DA8A00-B8BA-4C87-9E02-A7EF43758FD0}.Release|x86.Build.0 = Release|Any CPU
		{B17F1A8B-610B-45AA-9B28-91908F3BD100}.Debug|Any CPU.ActiveCfg = Debug|Any CPU
		{B17F1A8B-610B-45AA-9B28-91908F3BD100}.Debug|Any CPU.Build.0 = Debug|Any CPU
		{B17F1A8B-610B-45AA-9B28-91908F3BD100}.Debug|x64.ActiveCfg = Debug|Any CPU
		{B17F1A8B-610B-45AA-9B28-91908F3BD100}.Debug|x64.Build.0 = Debug|Any CPU
		{B17F1A8B-610B-45AA-9B28-91908F3BD100}.Debug|x86.ActiveCfg = Debug|Any CPU
		{B17F1A8B-610B-45AA-9B28-91908F3BD100}.Debug|x86.Build.0 = Debug|Any CPU
		{B17F1A8B-610B-45AA-9B28-91908F3BD100}.Release|Any CPU.ActiveCfg = Release|Any CPU
		{B17F1A8B-610B-45AA-9B28-91908F3BD100}.Release|Any CPU.Build.0 = Release|Any CPU
		{B17F1A8B-610B-45AA-9B28-91908F3BD100}.Release|x64.ActiveCfg = Release|Any CPU
		{B17F1A8B-610B-45AA-9B28-91908F3BD100}.Release|x64.Build.0 = Release|Any CPU
		{B17F1A8B-610B-45AA-9B28-91908F3BD100}.Release|x86.ActiveCfg = Release|Any CPU
		{B17F1A8B-610B-45AA-9B28-91908F3BD100}.Release|x86.Build.0 = Release|Any CPU
		{671FDCAB-A511-499C-98A5-B3BBD61B3C07}.Debug|Any CPU.ActiveCfg = Debug|Any CPU
		{671FDCAB-A511-499C-98A5-B3BBD61B3C07}.Debug|Any CPU.Build.0 = Debug|Any CPU
		{671FDCAB-A511-499C-98A5-B3BBD61B3C07}.Debug|x64.ActiveCfg = Debug|Any CPU
		{671FDCAB-A511-499C-98A5-B3BBD61B3C07}.Debug|x64.Build.0 = Debug|Any CPU
		{671FDCAB-A511-499C-98A5-B3BBD61B3C07}.Debug|x86.ActiveCfg = Debug|Any CPU
		{671FDCAB-A511-499C-98A5-B3BBD61B3C07}.Debug|x86.Build.0 = Debug|Any CPU
		{671FDCAB-A511-499C-98A5-B3BBD61B3C07}.Release|Any CPU.ActiveCfg = Release|Any CPU
		{671FDCAB-A511-499C-98A5-B3BBD61B3C07}.Release|Any CPU.Build.0 = Release|Any CPU
		{671FDCAB-A511-499C-98A5-B3BBD61B3C07}.Release|x64.ActiveCfg = Release|Any CPU
		{671FDCAB-A511-499C-98A5-B3BBD61B3C07}.Release|x64.Build.0 = Release|Any CPU
		{671FDCAB-A511-499C-98A5-B3BBD61B3C07}.Release|x86.ActiveCfg = Release|Any CPU
		{671FDCAB-A511-499C-98A5-B3BBD61B3C07}.Release|x86.Build.0 = Release|Any CPU
		{0EDEFF9A-5741-4D91-BE80-124501E4E544}.Debug|Any CPU.ActiveCfg = Debug|Any CPU
		{0EDEFF9A-5741-4D91-BE80-124501E4E544}.Debug|Any CPU.Build.0 = Debug|Any CPU
		{0EDEFF9A-5741-4D91-BE80-124501E4E544}.Debug|x64.ActiveCfg = Debug|Any CPU
		{0EDEFF9A-5741-4D91-BE80-124501E4E544}.Debug|x64.Build.0 = Debug|Any CPU
		{0EDEFF9A-5741-4D91-BE80-124501E4E544}.Debug|x86.ActiveCfg = Debug|Any CPU
		{0EDEFF9A-5741-4D91-BE80-124501E4E544}.Debug|x86.Build.0 = Debug|Any CPU
		{0EDEFF9A-5741-4D91-BE80-124501E4E544}.Release|Any CPU.ActiveCfg = Release|Any CPU
		{0EDEFF9A-5741-4D91-BE80-124501E4E544}.Release|Any CPU.Build.0 = Release|Any CPU
		{0EDEFF9A-5741-4D91-BE80-124501E4E544}.Release|x64.ActiveCfg = Release|Any CPU
		{0EDEFF9A-5741-4D91-BE80-124501E4E544}.Release|x64.Build.0 = Release|Any CPU
		{0EDEFF9A-5741-4D91-BE80-124501E4E544}.Release|x86.ActiveCfg = Release|Any CPU
		{0EDEFF9A-5741-4D91-BE80-124501E4E544}.Release|x86.Build.0 = Release|Any CPU
	EndGlobalSection
	GlobalSection(SolutionProperties) = preSolution
		HideSolutionNode = FALSE
	EndGlobalSection
	GlobalSection(NestedProjects) = preSolution
		{8ABB9E22-6DA3-DACD-A1A8-A873DD7C6379} = {3817ABB2-8DFC-4C5A-9103-92198F43A941}
		{52445E6B-E8C7-7394-BCED-23959B9C2225} = {3817ABB2-8DFC-4C5A-9103-92198F43A941}
		{4B9FF6FC-EED1-42BC-94FA-CD802E29E905} = {3817ABB2-8DFC-4C5A-9103-92198F43A941}
		{E404DEE0-E11D-479B-8E34-948BC8E9C20C} = {3817ABB2-8DFC-4C5A-9103-92198F43A941}
		{1F0A9AD5-5AEB-43EC-838E-220D30872378} = {3817ABB2-8DFC-4C5A-9103-92198F43A941}
		{01AA4051-83D9-9A81-B318-5F4C92BCFFF2} = {3817ABB2-8DFC-4C5A-9103-92198F43A941}
		{6A23580C-87D3-AA77-2689-DAA68A3F9D9C} = {3817ABB2-8DFC-4C5A-9103-92198F43A941}
		{3F9E2413-FF3C-4363-AE37-2A0E7C59C0F8} = {3817ABB2-8DFC-4C5A-9103-92198F43A941}
		{EFFF1453-7196-4E02-BAFC-6A2C5C6FD521} = {3817ABB2-8DFC-4C5A-9103-92198F43A941}
		{DBAE4D4E-13E8-40F6-AFAD-FF2E94548534} = {3817ABB2-8DFC-4C5A-9103-92198F43A941}
		{93131303-B5FB-4E6A-B439-A1D6458D205D} = {3817ABB2-8DFC-4C5A-9103-92198F43A941}
		{7D6FDC92-9D3B-4535-A4FF-1FF849DD13D2} = {6E0A4E4C-7EE4-4522-9EA4-99281286ADAD}
		{4C5054CC-FAAC-ABFC-5B1C-FA2EB23EFE0F} = {02EA681E-C7D8-13C7-8484-4AC65E1B71E8}
		{77DA8A00-B8BA-4C87-9E02-A7EF43758FD0} = {02EA681E-C7D8-13C7-8484-4AC65E1B71E8}
		{B17F1A8B-610B-45AA-9B28-91908F3BD100} = {02EA681E-C7D8-13C7-8484-4AC65E1B71E8}
		{671FDCAB-A511-499C-98A5-B3BBD61B3C07} = {3817ABB2-8DFC-4C5A-9103-92198F43A941}
		{0EDEFF9A-5741-4D91-BE80-124501E4E544} = {02EA681E-C7D8-13C7-8484-4AC65E1B71E8}
	EndGlobalSection
	GlobalSection(ExtensibilityGlobals) = postSolution
		SolutionGuid = {34E68139-A24A-49E2-91B8-4A775950FCD5}
	EndGlobalSection
EndGlobal
